
Microsoft Visual Studio Solution File, Format Version 12.00
# Visual Studio Version 16
VisualStudioVersion = 16.0.30204.135
MinimumVisualStudioVersion = 10.0.40219.1
Project("{9A19103F-16F7-4668-BE54-9A1E7A4F7556}") = "Training 7", "Training 7.csproj", "{F0C18542-304B-466D-92A4-757FA0D3CEDA}"
EndProject
Global
	GlobalSection(SolutionConfigurationPlatforms) = preSolution
		Debug|Any CPU = Debug|Any CPU
		Release|Any CPU = Release|Any CPU
	EndGlobalSection
	GlobalSection(ProjectConfigurationPlatforms) = postSolution
		{F0C18542-304B-466D-92A4-757FA0D3CEDA}.Debug|Any CPU.ActiveCfg = Debug|Any CPU
		{F0C18542-304B-466D-92A4-757FA0D3CEDA}.Debug|Any CPU.Build.0 = Debug|Any CPU
		{F0C18542-304B-466D-92A4-757FA0D3CEDA}.Release|Any CPU.ActiveCfg = Release|Any CPU
		{F0C18542-304B-466D-92A4-757FA0D3CEDA}.Release|Any CPU.Build.0 = Release|Any CPU
	EndGlobalSection
	GlobalSection(SolutionProperties) = preSolution
		HideSolutionNode = FALSE
	EndGlobalSection
	GlobalSection(ExtensibilityGlobals) = postSolution
		SolutionGuid = {D00D3CD8-3882-443B-BA3B-98AD1B9C6ABD}
	EndGlobalSection
EndGlobal
