
Microsoft Visual Studio Solution File, Format Version 12.00
# Visual Studio Version 16
VisualStudioVersion = 16.0.30204.135
MinimumVisualStudioVersion = 10.0.40219.1
Project("{FAE04EC0-301F-11D3-BF4B-00C04F79EFBC}") = "EF_ExistingDb", "EF_ExistingDb.csproj", "{3F5416E1-9364-483C-B4E8-3554BB41E196}"
EndProject
Global
	GlobalSection(SolutionConfigurationPlatforms) = preSolution
		Debug|Any CPU = Debug|Any CPU
		Release|Any CPU = Release|Any CPU
	EndGlobalSection
	GlobalSection(ProjectConfigurationPlatforms) = postSolution
		{3F5416E1-9364-483C-B4E8-3554BB41E196}.Debug|Any CPU.ActiveCfg = Debug|Any CPU
		{3F5416E1-9364-483C-B4E8-3554BB41E196}.Debug|Any CPU.Build.0 = Debug|Any CPU
		{3F5416E1-9364-483C-B4E8-3554BB41E196}.Release|Any CPU.ActiveCfg = Release|Any CPU
		{3F5416E1-9364-483C-B4E8-3554BB41E196}.Release|Any CPU.Build.0 = Release|Any CPU
	EndGlobalSection
	GlobalSection(SolutionProperties) = preSolution
		HideSolutionNode = FALSE
	EndGlobalSection
	GlobalSection(ExtensibilityGlobals) = postSolution
		SolutionGuid = {83B9C1C2-8A15-4043-B5B6-72DFDF70D3C8}
	EndGlobalSection
EndGlobal
