
Microsoft Visual Studio Solution File, Format Version 12.00
# Visual Studio Version 16
VisualStudioVersion = 16.0.30204.135
MinimumVisualStudioVersion = 10.0.40219.1
Project("{FAE04EC0-301F-11D3-BF4B-00C04F79EFBC}") = "EF_CodeFirstModel", "EF_CodeFirstModel.csproj", "{04174A6C-276F-4819-92CD-C326039EBBB9}"
EndProject
Global
	GlobalSection(SolutionConfigurationPlatforms) = preSolution
		Debug|Any CPU = Debug|Any CPU
		Release|Any CPU = Release|Any CPU
	EndGlobalSection
	GlobalSection(ProjectConfigurationPlatforms) = postSolution
		{04174A6C-276F-4819-92CD-C326039EBBB9}.Debug|Any CPU.ActiveCfg = Debug|Any CPU
		{04174A6C-276F-4819-92CD-C326039EBBB9}.Debug|Any CPU.Build.0 = Debug|Any CPU
		{04174A6C-276F-4819-92CD-C326039EBBB9}.Release|Any CPU.ActiveCfg = Release|Any CPU
		{04174A6C-276F-4819-92CD-C326039EBBB9}.Release|Any CPU.Build.0 = Release|Any CPU
	EndGlobalSection
	GlobalSection(SolutionProperties) = preSolution
		HideSolutionNode = FALSE
	EndGlobalSection
	GlobalSection(ExtensibilityGlobals) = postSolution
		SolutionGuid = {28EACA5D-A035-4BFD-9266-49B9825BE75E}
	EndGlobalSection
EndGlobal
