
Microsoft Visual Studio Solution File, Format Version 12.00
# Visual Studio Version 16
VisualStudioVersion = 16.0.29926.136
MinimumVisualStudioVersion = 10.0.40219.1
Project("{9A19103F-16F7-4668-BE54-9A1E7A4F7556}") = "SqlServerSample", "SqlServerSample.csproj", "{192B7D16-B1F0-46A7-A846-C893DAFC5F27}"
EndProject
Project("{9A19103F-16F7-4668-BE54-9A1E7A4F7556}") = "SqlServerEFSample", "..\SqlServerEFSample\SqlServerEFSample.csproj", "{84545FA6-E174-4B73-B073-A6FC59BAA45E}"
EndProject
Project("{9A19103F-16F7-4668-BE54-9A1E7A4F7556}") = "SqlServerColumnstoreSample", "..\SqlServerColumnstoreSample\SqlServerColumnstoreSample.csproj", "{057E4C74-5D8D-410B-A67C-B3179D422687}"
EndProject
Project("{FAE04EC0-301F-11D3-BF4B-00C04F79EFBC}") = "Training 7", "..\Training 7\Training 7.csproj", "{39D53D8E-240A-4D8F-8156-295175656810}"
EndProject
Global
	GlobalSection(SolutionConfigurationPlatforms) = preSolution
		Debug|Any CPU = Debug|Any CPU
		Release|Any CPU = Release|Any CPU
	EndGlobalSection
	GlobalSection(ProjectConfigurationPlatforms) = postSolution
		{192B7D16-B1F0-46A7-A846-C893DAFC5F27}.Debug|Any CPU.ActiveCfg = Debug|Any CPU
		{192B7D16-B1F0-46A7-A846-C893DAFC5F27}.Debug|Any CPU.Build.0 = Debug|Any CPU
		{192B7D16-B1F0-46A7-A846-C893DAFC5F27}.Release|Any CPU.ActiveCfg = Release|Any CPU
		{192B7D16-B1F0-46A7-A846-C893DAFC5F27}.Release|Any CPU.Build.0 = Release|Any CPU
		{84545FA6-E174-4B73-B073-A6FC59BAA45E}.Debug|Any CPU.ActiveCfg = Debug|Any CPU
		{84545FA6-E174-4B73-B073-A6FC59BAA45E}.Debug|Any CPU.Build.0 = Debug|Any CPU
		{84545FA6-E174-4B73-B073-A6FC59BAA45E}.Release|Any CPU.ActiveCfg = Release|Any CPU
		{84545FA6-E174-4B73-B073-A6FC59BAA45E}.Release|Any CPU.Build.0 = Release|Any CPU
		{057E4C74-5D8D-410B-A67C-B3179D422687}.Debug|Any CPU.ActiveCfg = Debug|Any CPU
		{057E4C74-5D8D-410B-A67C-B3179D422687}.Debug|Any CPU.Build.0 = Debug|Any CPU
		{057E4C74-5D8D-410B-A67C-B3179D422687}.Release|Any CPU.ActiveCfg = Release|Any CPU
		{057E4C74-5D8D-410B-A67C-B3179D422687}.Release|Any CPU.Build.0 = Release|Any CPU
		{39D53D8E-240A-4D8F-8156-295175656810}.Debug|Any CPU.ActiveCfg = Debug|Any CPU
		{39D53D8E-240A-4D8F-8156-295175656810}.Debug|Any CPU.Build.0 = Debug|Any CPU
		{39D53D8E-240A-4D8F-8156-295175656810}.Release|Any CPU.ActiveCfg = Release|Any CPU
		{39D53D8E-240A-4D8F-8156-295175656810}.Release|Any CPU.Build.0 = Release|Any CPU
	EndGlobalSection
	GlobalSection(SolutionProperties) = preSolution
		HideSolutionNode = FALSE
	EndGlobalSection
	GlobalSection(ExtensibilityGlobals) = postSolution
		SolutionGuid = {B5199015-984B-41D5-AD1A-C6C420A05059}
	EndGlobalSection
EndGlobal
